// !$*UTF8*$!
{
	archiveVersion = 1;
	classes = {
	};
	objectVersion = 77;
	objects = {

/* Begin PBXBuildFile section */
		6B5A84902F53863500E4751C /* ImportService.swift in Sources */ = {isa = PBXBuildFile; fileRef = 6B5A848F2F53863500E4751C /* ImportService.swift */; };
		6B5A84922F53864200E4751C /* SyncView.swift in Sources */ = {isa = PBXBuildFile; fileRef = 6B5A84912F53864200E4751C /* SyncView.swift */; };
		6B5A84942F53864C00E4751C /* ImportConfirmationView.swift in Sources */ = {isa = PBXBuildFile; fileRef = 6B5A84932F53864C00E4751C /* ImportConfirmationView.swift */; };
		6B5A84962F53867000E4751C /* SyncPackage.swift in Sources */ = {isa = PBXBuildFile; fileRef = 6B5A84952F53867000E4751C /* SyncPackage.swift */; };
		6B817DCC2F0D373600EB1030 /* CameraService.swift in Sources */ = {isa = PBXBuildFile; fileRef = 6B817DCB2F0D373600EB1030 /* CameraService.swift */; };
		6B817DCD2F0D373700EB1030 /* ExportService.swift in Sources */ = {isa = PBXBuildFile; fileRef = 6B817DCC2F0D373700EB1030 /* ExportService.swift */; };
		6B817DCE2F0D373800EB1030 /* CleanupService.swift in Sources */ = {isa = PBXBuildFile; fileRef = 6B817DCD2F0D373800EB1030 /* CleanupService.swift */; };
		6B817DD22F0D378200EB1030 /* ComparisonView.swift in Sources */ = {isa = PBXBuildFile; fileRef = 6B817DCF2F0D378200EB1030 /* ComparisonView.swift */; };
		6B817DD32F0D378200EB1030 /* ContentView.swift in Sources */ = {isa = PBXBuildFile; fileRef = 6B817DD02F0D378200EB1030 /* ContentView.swift */; };
		6B817DD42F0D378200EB1030 /* MoleDetailView.swift in Sources */ = {isa = PBXBuildFile; fileRef = 6B817DD12F0D378200EB1030 /* MoleDetailView.swift */; };
		6B817DD52F0D378200EB1030 /* CameraView.swift in Sources */ = {isa = PBXBuildFile; fileRef = 6B817DCE2F0D378200EB1030 /* CameraView.swift */; };
		6B817DD82F0D37C100EB1030 /* Mole.swift in Sources */ = {isa = PBXBuildFile; fileRef = 6B817DD62F0D37C100EB1030 /* Mole.swift */; };
		6B817DD92F0D37C100EB1030 /* MoleImage.swift in Sources */ = {isa = PBXBuildFile; fileRef = 6B817DD72F0D37C100EB1030 /* MoleImage.swift */; };
		6B817DDA2F0D37C200EB1030 /* BodyRegionOverview.swift in Sources */ = {isa = PBXBuildFile; fileRef = 6B817DD82F0D37C200EB1030 /* BodyRegionOverview.swift */; };
		6B817DDB2F0D378300EB1030 /* RegionOverviewView.swift in Sources */ = {isa = PBXBuildFile; fileRef = 6B817DD22F0D378300EB1030 /* RegionOverviewView.swift */; };
		6B817DDC2F0D378400EB1030 /* SessionCleanupView.swift in Sources */ = {isa = PBXBuildFile; fileRef = 6B817DD32F0D378400EB1030 /* SessionCleanupView.swift */; };
		6B817DDD2F0D378500EB1030 /* AllRegionsOverviewView.swift in Sources */ = {isa = PBXBuildFile; fileRef = 6B817DD42F0D378500EB1030 /* AllRegionsOverviewView.swift */; };
		6B817DDE2F0D378600EB1030 /* MoleLocationMarker.swift in Sources */ = {isa = PBXBuildFile; fileRef = 6B817DD92F0D378600EB1030 /* MoleLocationMarker.swift */; };
		6B817DDF2F0D378700EB1030 /* MoleLocationView.swift in Sources */ = {isa = PBXBuildFile; fileRef = 6B817DD52F0D378700EB1030 /* MoleLocationView.swift */; };
		6B817DE02F0D380000EB1030 /* GuidedScanningService.swift in Sources */ = {isa = PBXBuildFile; fileRef = 6B817DDF2F0D380000EB1030 /* GuidedScanningService.swift */; };
		6B817DE12F0D380100EB1030 /* GuidedScanningView.swift in Sources */ = {isa = PBXBuildFile; fileRef = 6B817DE02F0D380100EB1030 /* GuidedScanningView.swift */; };
		6B817DE22F0D380200EB1030 /* GuidedComparisonService.swift in Sources */ = {isa = PBXBuildFile; fileRef = 6B817DE12F0D380200EB1030 /* GuidedComparisonService.swift */; };
		6B817DE32F0D380300EB1030 /* GuidedComparisonView.swift in Sources */ = {isa = PBXBuildFile; fileRef = 6B817DE22F0D380300EB1030 /* GuidedComparisonView.swift */; };
		6B817DE42F0D380400EB1030 /* NotificationService.swift in Sources */ = {isa = PBXBuildFile; fileRef = 6B817DE32F0D380400EB1030 /* NotificationService.swift */; };
/* End PBXBuildFile section */

/* Begin PBXFileReference section */
		6B5A848F2F53863500E4751C /* ImportService.swift */ = {isa = PBXFileReference; lastKnownFileType = sourcecode.swift; path = ImportService.swift; sourceTree = "<group>"; };
		6B5A84912F53864200E4751C /* SyncView.swift */ = {isa = PBXFileReference; lastKnownFileType = sourcecode.swift; path = SyncView.swift; sourceTree = "<group>"; };
		6B5A84932F53864C00E4751C /* ImportConfirmationView.swift */ = {isa = PBXFileReference; lastKnownFileType = sourcecode.swift; path = ImportConfirmationView.swift; sourceTree = "<group>"; };
		6B5A84952F53867000E4751C /* SyncPackage.swift */ = {isa = PBXFileReference; lastKnownFileType = sourcecode.swift; path = SyncPackage.swift; sourceTree = "<group>"; };
		6B817DB82F0D36AB00EB1030 /* MoleTracker.app */ = {isa = PBXFileReference; explicitFileType = wrapper.application; includeInIndex = 0; path = MoleTracker.app; sourceTree = BUILT_PRODUCTS_DIR; };
		6B817DCB2F0D373600EB1030 /* CameraService.swift */ = {isa = PBXFileReference; lastKnownFileType = sourcecode.swift; path = CameraService.swift; sourceTree = "<group>"; };
		6B817DCC2F0D373700EB1030 /* ExportService.swift */ = {isa = PBXFileReference; lastKnownFileType = sourcecode.swift; path = ExportService.swift; sourceTree = "<group>"; };
		6B817DCD2F0D373800EB1030 /* CleanupService.swift */ = {isa = PBXFileReference; lastKnownFileType = sourcecode.swift; path = CleanupService.swift; sourceTree = "<group>"; };
		6B817DCE2F0D378200EB1030 /* CameraView.swift */ = {isa = PBXFileReference; lastKnownFileType = sourcecode.swift; path = CameraView.swift; sourceTree = "<group>"; };
		6B817DCF2F0D378200EB1030 /* ComparisonView.swift */ = {isa = PBXFileReference; lastKnownFileType = sourcecode.swift; path = ComparisonView.swift; sourceTree = "<group>"; };
		6B817DD02F0D378200EB1030 /* ContentView.swift */ = {isa = PBXFileReference; lastKnownFileType = sourcecode.swift; path = ContentView.swift; sourceTree = "<group>"; };
		6B817DD12F0D378200EB1030 /* MoleDetailView.swift */ = {isa = PBXFileReference; lastKnownFileType = sourcecode.swift; path = MoleDetailView.swift; sourceTree = "<group>"; };
		6B817DD22F0D378300EB1030 /* RegionOverviewView.swift */ = {isa = PBXFileReference; lastKnownFileType = sourcecode.swift; path = RegionOverviewView.swift; sourceTree = "<group>"; };
		6B817DD32F0D378400EB1030 /* SessionCleanupView.swift */ = {isa = PBXFileReference; lastKnownFileType = sourcecode.swift; path = SessionCleanupView.swift; sourceTree = "<group>"; };
		6B817DD42F0D378500EB1030 /* AllRegionsOverviewView.swift */ = {isa = PBXFileReference; lastKnownFileType = sourcecode.swift; path = AllRegionsOverviewView.swift; sourceTree = "<group>"; };
		6B817DD52F0D378700EB1030 /* MoleLocationView.swift */ = {isa = PBXFileReference; lastKnownFileType = sourcecode.swift; path = MoleLocationView.swift; sourceTree = "<group>"; };
		6B817DD62F0D37C100EB1030 /* Mole.swift */ = {isa = PBXFileReference; lastKnownFileType = sourcecode.swift; path = Mole.swift; sourceTree = "<group>"; };
		6B817DD72F0D37C100EB1030 /* MoleImage.swift */ = {isa = PBXFileReference; lastKnownFileType = sourcecode.swift; path = MoleImage.swift; sourceTree = "<group>"; };
		6B817DD82F0D37C200EB1030 /* BodyRegionOverview.swift */ = {isa = PBXFileReference; lastKnownFileType = sourcecode.swift; path = BodyRegionOverview.swift; sourceTree = "<group>"; };
		6B817DD92F0D378600EB1030 /* MoleLocationMarker.swift */ = {isa = PBXFileReference; lastKnownFileType = sourcecode.swift; path = MoleLocationMarker.swift; sourceTree = "<group>"; };
		6B817DDF2F0D380000EB1030 /* GuidedScanningService.swift */ = {isa = PBXFileReference; lastKnownFileType = sourcecode.swift; path = GuidedScanningService.swift; sourceTree = "<group>"; };
		6B817DE02F0D380100EB1030 /* GuidedScanningView.swift */ = {isa = PBXFileReference; lastKnownFileType = sourcecode.swift; path = GuidedScanningView.swift; sourceTree = "<group>"; };
		6B817DE12F0D380200EB1030 /* GuidedComparisonService.swift */ = {isa = PBXFileReference; lastKnownFileType = sourcecode.swift; path = GuidedComparisonService.swift; sourceTree = "<group>"; };
		6B817DE22F0D380300EB1030 /* GuidedComparisonView.swift */ = {isa = PBXFileReference; lastKnownFileType = sourcecode.swift; path = GuidedComparisonView.swift; sourceTree = "<group>"; };
		6B817DE32F0D380400EB1030 /* NotificationService.swift */ = {isa = PBXFileReference; lastKnownFileType = sourcecode.swift; path = NotificationService.swift; sourceTree = "<group>"; };
/* End PBXFileReference section */

/* Begin PBXFileSystemSynchronizedRootGroup section */
		6B817DBA2F0D36AB00EB1030 /* MoleTracker */ = {
			isa = PBXFileSystemSynchronizedRootGroup;
			path = MoleTracker;
			sourceTree = "<group>";
		};
/* End PBXFileSystemSynchronizedRootGroup section */

/* Begin PBXFrameworksBuildPhase section */
		6B817DB52F0D36AB00EB1030 /* Frameworks */ = {
			isa = PBXFrameworksBuildPhase;
			buildActionMask = 2147483647;
			files = (
			);
			runOnlyForDeploymentPostprocessing = 0;
		};
/* End PBXFrameworksBuildPhase section */

/* Begin PBXGroup section */
		6B817DAF2F0D36AB00EB1030 = {
			isa = PBXGroup;
			children = (
				6B817DCA2F0D371800EB1030 /* Services */,
				6B817DC92F0D371100EB1030 /* Views */,
				6B817DC82F0D36FF00EB1030 /* Models */,
				6B817DBA2F0D36AB00EB1030 /* MoleTracker */,
				6B817DB92F0D36AB00EB1030 /* Products */,
			);
			sourceTree = "<group>";
		};
		6B817DB92F0D36AB00EB1030 /* Products */ = {
			isa = PBXGroup;
			children = (
				6B817DB82F0D36AB00EB1030 /* MoleTracker.app */,
			);
			name = Products;
			sourceTree = "<group>";
		};
		6B817DC82F0D36FF00EB1030 /* Models */ = {
			isa = PBXGroup;
			children = (
				6B5A84952F53867000E4751C /* SyncPackage.swift */,
				6B817DD62F0D37C100EB1030 /* Mole.swift */,
				6B817DD72F0D37C100EB1030 /* MoleImage.swift */,
				6B817DD82F0D37C200EB1030 /* BodyRegionOverview.swift */,
				6B817DD92F0D378600EB1030 /* MoleLocationMarker.swift */,
			);
			path = Models;
			sourceTree = "<group>";
		};
		6B817DC92F0D371100EB1030 /* Views */ = {
			isa = PBXGroup;
			children = (
				6B5A84912F53864200E4751C /* SyncView.swift */,
				6B5A84932F53864C00E4751C /* ImportConfirmationView.swift */,
				6B817DD42F0D378500EB1030 /* AllRegionsOverviewView.swift */,
				6B817DCE2F0D378200EB1030 /* CameraView.swift */,
				6B817DCF2F0D378200EB1030 /* ComparisonView.swift */,
				6B817DD02F0D378200EB1030 /* ContentView.swift */,
				6B817DE22F0D380300EB1030 /* GuidedComparisonView.swift */,
				6B817DE02F0D380100EB1030 /* GuidedScanningView.swift */,
				6B817DD12F0D378200EB1030 /* MoleDetailView.swift */,
				6B817DD52F0D378700EB1030 /* MoleLocationView.swift */,
				6B817DD22F0D378300EB1030 /* RegionOverviewView.swift */,
				6B817DD32F0D378400EB1030 /* SessionCleanupView.swift */,
			);
			path = Views;
			sourceTree = "<group>";
		};
		6B817DCA2F0D371800EB1030 /* Services */ = {
			isa = PBXGroup;
			children = (
				6B5A848F2F53863500E4751C /* ImportService.swift */,
				6B817DCB2F0D373600EB1030 /* CameraService.swift */,
				6B817DCD2F0D373800EB1030 /* CleanupService.swift */,
				6B817DCC2F0D373700EB1030 /* ExportService.swift */,
				6B817DE12F0D380200EB1030 /* GuidedComparisonService.swift */,
				6B817DDF2F0D380000EB1030 /* GuidedScanningService.swift */,
				6B817DE32F0D380400EB1030 /* NotificationService.swift */,
			);
			path = Services;
			sourceTree = "<group>";
		};
/* End PBXGroup section */

/* Begin PBXNativeTarget section */
		6B817DB72F0D36AB00EB1030 /* MoleTracker */ = {
			isa = PBXNativeTarget;
			buildConfigurationList = 6B817DC52F0D36AC00EB1030 /* Build configuration list for PBXNativeTarget "MoleTracker" */;
			buildPhases = (
				6B817DB42F0D36AB00EB1030 /* Sources */,
				6B817DB52F0D36AB00EB1030 /* Frameworks */,
				6B817DB62F0D36AB00EB1030 /* Resources */,
			);
			buildRules = (
			);
			dependencies = (
			);
			fileSystemSynchronizedGroups = (
				6B817DBA2F0D36AB00EB1030 /* MoleTracker */,
			);
			name = MoleTracker;
			packageProductDependencies = (
			);
			productName = MoleTracker;
			productReference = 6B817DB82F0D36AB00EB1030 /* MoleTracker.app */;
			productType = "com.apple.product-type.application";
		};
/* End PBXNativeTarget section */

/* Begin PBXProject section */
		6B817DB02F0D36AB00EB1030 /* Project object */ = {
			isa = PBXProject;
			attributes = {
				BuildIndependentTargetsInParallel = 1;
				LastSwiftUpdateCheck = 2620;
				LastUpgradeCheck = 2620;
				TargetAttributes = {
					6B817DB72F0D36AB00EB1030 = {
						CreatedOnToolsVersion = 26.2;
						LastSwiftMigration = 2620;
					};
				};
			};
			buildConfigurationList = 6B817DB32F0D36AB00EB1030 /* Build configuration list for PBXProject "MoleTracker" */;
			developmentRegion = de;
			hasScannedForEncodings = 0;
			knownRegions = (
				en,
				de,
				Base,
			);
			mainGroup = 6B817DAF2F0D36AB00EB1030;
			minimizedProjectReferenceProxies = 1;
			preferredProjectObjectVersion = 77;
			productRefGroup = 6B817DB92F0D36AB00EB1030 /* Products */;
			projectDirPath = "";
			projectRoot = "";
			targets = (
				6B817DB72F0D36AB00EB1030 /* MoleTracker */,
			);
		};
/* End PBXProject section */

/* Begin PBXResourcesBuildPhase section */
		6B817DB62F0D36AB00EB1030 /* Resources */ = {
			isa = PBXResourcesBuildPhase;
			buildActionMask = 2147483647;
			files = (
			);
			runOnlyForDeploymentPostprocessing = 0;
		};
/* End PBXResourcesBuildPhase section */

/* Begin PBXSourcesBuildPhase section */
		6B817DB42F0D36AB00EB1030 /* Sources */ = {
			isa = PBXSourcesBuildPhase;
			buildActionMask = 2147483647;
			files = (
				6B817DDD2F0D378500EB1030 /* AllRegionsOverviewView.swift in Sources */,
				6B817DD22F0D378200EB1030 /* ComparisonView.swift in Sources */,
				6B5A84902F53863500E4751C /* ImportService.swift in Sources */,
				6B817DD32F0D378200EB1030 /* ContentView.swift in Sources */,
				6B817DD42F0D378200EB1030 /* MoleDetailView.swift in Sources */,
				6B817DD52F0D378200EB1030 /* CameraView.swift in Sources */,
				6B817DDB2F0D378300EB1030 /* RegionOverviewView.swift in Sources */,
				6B5A84962F53867000E4751C /* SyncPackage.swift in Sources */,
				6B817DDC2F0D378400EB1030 /* SessionCleanupView.swift in Sources */,
				6B817DD82F0D37C100EB1030 /* Mole.swift in Sources */,
				6B817DD92F0D37C100EB1030 /* MoleImage.swift in Sources */,
				6B817DDA2F0D37C200EB1030 /* BodyRegionOverview.swift in Sources */,
				6B817DDE2F0D378600EB1030 /* MoleLocationMarker.swift in Sources */,
				6B817DDF2F0D378700EB1030 /* MoleLocationView.swift in Sources */,
				6B817DCC2F0D373600EB1030 /* CameraService.swift in Sources */,
				6B817DCE2F0D373800EB1030 /* CleanupService.swift in Sources */,
				6B817DCD2F0D373700EB1030 /* ExportService.swift in Sources */,
				6B817DE22F0D380200EB1030 /* GuidedComparisonService.swift in Sources */,
				6B817DE02F0D380000EB1030 /* GuidedScanningService.swift in Sources */,
				6B817DE42F0D380400EB1030 /* NotificationService.swift in Sources */,
				6B817DE32F0D380300EB1030 /* GuidedComparisonView.swift in Sources */,
				6B817DE12F0D380100EB1030 /* GuidedScanningView.swift in Sources */,
				6B5A84942F53864C00E4751C /* ImportConfirmationView.swift in Sources */,
				6B5A84922F53864200E4751C /* SyncView.swift in Sources */,
			);
			runOnlyForDeploymentPostprocessing = 0;
		};
/* End PBXSourcesBuildPhase section */

/* Begin XCBuildConfiguration section */
		6B817DC32F0D36AC00EB1030 /* Debug */ = {
			isa = XCBuildConfiguration;
			buildSettings = {
				ALWAYS_SEARCH_USER_PATHS = NO;
				ASSETCATALOG_COMPILER_GENERATE_SWIFT_ASSET_SYMBOL_EXTENSIONS = YES;
				CLANG_ANALYZER_NONNULL = YES;
				CLANG_ANALYZER_NUMBER_OBJECT_CONVERSION = YES_AGGRESSIVE;
				CLANG_CXX_LANGUAGE_STANDARD = "gnu++20";
				CLANG_ENABLE_MODULES = YES;
				CLANG_ENABLE_OBJC_ARC = YES;
				CLANG_ENABLE_OBJC_WEAK = YES;
				CLANG_WARN_BLOCK_CAPTURE_AUTORELEASING = YES;
				CLANG_WARN_BOOL_CONVERSION = YES;
				CLANG_WARN_COMMA = YES;
				CLANG_WARN_CONSTANT_CONVERSION = YES;
				CLANG_WARN_DEPRECATED_OBJC_IMPLEMENTATIONS = YES;
				CLANG_WARN_DIRECT_OBJC_ISA_USAGE = YES_ERROR;
				CLANG_WARN_DOCUMENTATION_COMMENTS = YES;
				CLANG_WARN_EMPTY_BODY = YES;
				CLANG_WARN_ENUM_CONVERSION = YES;
				CLANG_WARN_INFINITE_RECURSION = YES;
				CLANG_WARN_INT_CONVERSION = YES;
				CLANG_WARN_NON_LITERAL_NULL_CONVERSION = YES;
				CLANG_WARN_OBJC_IMPLICIT_RETAIN_SELF = YES;
				CLANG_WARN_OBJC_LITERAL_CONVERSION = YES;
				CLANG_WARN_OBJC_ROOT_CLASS = YES_ERROR;
				CLANG_WARN_QUOTED_INCLUDE_IN_FRAMEWORK_HEADER = YES;
				CLANG_WARN_RANGE_LOOP_ANALYSIS = YES;
				CLANG_WARN_STRICT_PROTOTYPES = YES;
				CLANG_WARN_SUSPICIOUS_MOVE = YES;
				CLANG_WARN_UNGUARDED_AVAILABILITY = YES_AGGRESSIVE;
				CLANG_WARN_UNREACHABLE_CODE = YES;
				CLANG_WARN__DUPLICATE_METHOD_MATCH = YES;
				COPY_PHASE_STRIP = NO;
				DEBUG_INFORMATION_FORMAT = dwarf;
				DEVELOPMENT_TEAM = Q3U88T33CV;
				ENABLE_STRICT_OBJC_MSGSEND = YES;
				ENABLE_TESTABILITY = YES;
				ENABLE_USER_SCRIPT_SANDBOXING = YES;
				GCC_C_LANGUAGE_STANDARD = gnu17;
				GCC_DYNAMIC_NO_PIC = NO;
				GCC_NO_COMMON_BLOCKS = YES;
				GCC_OPTIMIZATION_LEVEL = 0;
				GCC_PREPROCESSOR_DEFINITIONS = (
					"DEBUG=1",
					"$(inherited)",
				);
				GCC_WARN_64_TO_32_BIT_CONVERSION = YES;
				GCC_WARN_ABOUT_RETURN_TYPE = YES_ERROR;
				GCC_WARN_UNDECLARED_SELECTOR = YES;
				GCC_WARN_UNINITIALIZED_AUTOS = YES_AGGRESSIVE;
				GCC_WARN_UNUSED_FUNCTION = YES;
				GCC_WARN_UNUSED_VARIABLE = YES;
				IPHONEOS_DEPLOYMENT_TARGET = 26.2;
				LOCALIZATION_PREFERS_STRING_CATALOGS = YES;
				MTL_ENABLE_DEBUG_INFO = INCLUDE_SOURCE;
				MTL_FAST_MATH = YES;
				ONLY_ACTIVE_ARCH = YES;
				SDKROOT = iphoneos;
				SWIFT_ACTIVE_COMPILATION_CONDITIONS = "DEBUG $(inherited)";
				SWIFT_OPTIMIZATION_LEVEL = "-Onone";
			};
			name = Debug;
		};
		6B817DC42F0D36AC00EB1030 /* Release */ = {
			isa = XCBuildConfiguration;
			buildSettings = {
				ALWAYS_SEARCH_USER_PATHS = NO;
				ASSETCATALOG_COMPILER_GENERATE_SWIFT_ASSET_SYMBOL_EXTENSIONS = YES;
				CLANG_ANALYZER_NONNULL = YES;
				CLANG_ANALYZER_NUMBER_OBJECT_CONVERSION = YES_AGGRESSIVE;
				CLANG_CXX_LANGUAGE_STANDARD = "gnu++20";
				CLANG_ENABLE_MODULES = YES;
				CLANG_ENABLE_OBJC_ARC = YES;
				CLANG_ENABLE_OBJC_WEAK = YES;
				CLANG_WARN_BLOCK_CAPTURE_AUTORELEASING = YES;
				CLANG_WARN_BOOL_CONVERSION = YES;
				CLANG_WARN_COMMA = YES;
				CLANG_WARN_CONSTANT_CONVERSION = YES;
				CLANG_WARN_DEPRECATED_OBJC_IMPLEMENTATIONS = YES;
				CLANG_WARN_DIRECT_OBJC_ISA_USAGE = YES_ERROR;
				CLANG_WARN_DOCUMENTATION_COMMENTS = YES;
				CLANG_WARN_EMPTY_BODY = YES;
				CLANG_WARN_ENUM_CONVERSION = YES;
				CLANG_WARN_INFINITE_RECURSION = YES;
				CLANG_WARN_INT_CONVERSION = YES;
				CLANG_WARN_NON_LITERAL_NULL_CONVERSION = YES;
				CLANG_WARN_OBJC_IMPLICIT_RETAIN_SELF = YES;
				CLANG_WARN_OBJC_LITERAL_CONVERSION = YES;
				CLANG_WARN_OBJC_ROOT_CLASS = YES_ERROR;
				CLANG_WARN_QUOTED_INCLUDE_IN_FRAMEWORK_HEADER = YES;
				CLANG_WARN_RANGE_LOOP_ANALYSIS = YES;
				CLANG_WARN_STRICT_PROTOTYPES = YES;
				CLANG_WARN_SUSPICIOUS_MOVE = YES;
				CLANG_WARN_UNGUARDED_AVAILABILITY = YES_AGGRESSIVE;
				CLANG_WARN_UNREACHABLE_CODE = YES;
				CLANG_WARN__DUPLICATE_METHOD_MATCH = YES;
				COPY_PHASE_STRIP = NO;
				DEBUG_INFORMATION_FORMAT = "dwarf-with-dsym";
				DEVELOPMENT_TEAM = Q3U88T33CV;
				ENABLE_NS_ASSERTIONS = NO;
				ENABLE_STRICT_OBJC_MSGSEND = YES;
				ENABLE_USER_SCRIPT_SANDBOXING = YES;
				GCC_C_LANGUAGE_STANDARD = gnu17;
				GCC_NO_COMMON_BLOCKS = YES;
				GCC_WARN_64_TO_32_BIT_CONVERSION = YES;
				GCC_WARN_ABOUT_RETURN_TYPE = YES_ERROR;
				GCC_WARN_UNDECLARED_SELECTOR = YES;
				GCC_WARN_UNINITIALIZED_AUTOS = YES_AGGRESSIVE;
				GCC_WARN_UNUSED_FUNCTION = YES;
				GCC_WARN_UNUSED_VARIABLE = YES;
				IPHONEOS_DEPLOYMENT_TARGET = 26.2;
				LOCALIZATION_PREFERS_STRING_CATALOGS = YES;
				MTL_ENABLE_DEBUG_INFO = NO;
				MTL_FAST_MATH = YES;
				SDKROOT = iphoneos;
				SWIFT_COMPILATION_MODE = wholemodule;
				VALIDATE_PRODUCT = YES;
			};
			name = Release;
		};
		6B817DC62F0D36AC00EB1030 /* Debug */ = {
			isa = XCBuildConfiguration;
			buildSettings = {
				ASSETCATALOG_COMPILER_APPICON_NAME = AppIcon;
				ASSETCATALOG_COMPILER_GLOBAL_ACCENT_COLOR_NAME = AccentColor;
				CLANG_ENABLE_MODULES = YES;
				CODE_SIGN_IDENTITY = "Apple Development";
				CODE_SIGN_STYLE = Automatic;
				CURRENT_PROJECT_VERSION = 1;
				DEVELOPMENT_TEAM = Q3U88T33CV;
				ENABLE_PREVIEWS = YES;
				GENERATE_INFOPLIST_FILE = YES;
				INFOPLIST_KEY_NSCameraUsageDescription = "MoleTracker benötigt Zugriff auf die Kamera, um Fotos von Leberflecken aufzunehmen.";
				INFOPLIST_KEY_NSMotionUsageDescription = "MoleTracker nutzt Bewegungssensoren, um die Aufnahmeposition zu bestimmen.";
				INFOPLIST_KEY_NSPhotoLibraryUsageDescription = "MoleTracker benötigt Zugriff auf die Fotobibliothek, um Bilder zu speichern.";
				INFOPLIST_KEY_UIApplicationSceneManifest_Generation = YES;
				INFOPLIST_KEY_UIApplicationSupportsIndirectInputEvents = YES;
				INFOPLIST_KEY_UILaunchScreen_Generation = YES;
				INFOPLIST_KEY_UISupportedInterfaceOrientations_iPad = "UIInterfaceOrientationPortrait UIInterfaceOrientationPortraitUpsideDown UIInterfaceOrientationLandscapeLeft UIInterfaceOrientationLandscapeRight";
				INFOPLIST_KEY_UISupportedInterfaceOrientations_iPhone = "UIInterfaceOrientationPortrait UIInterfaceOrientationLandscapeLeft UIInterfaceOrientationLandscapeRight";
				IPHONEOS_DEPLOYMENT_TARGET = 17.6;
				LD_RUNPATH_SEARCH_PATHS = (
					"$(inherited)",
					"@executable_path/Frameworks",
				);
				MARKETING_VERSION = 1.0;
				PRODUCT_BUNDLE_IDENTIFIER = "net.familie-richter.MoleTracker";
				PRODUCT_NAME = "$(TARGET_NAME)";
				PROVISIONING_PROFILE_SPECIFIER = "";
				STRING_CATALOG_GENERATE_SYMBOLS = YES;
				SWIFT_APPROACHABLE_CONCURRENCY = YES;
				SWIFT_DEFAULT_ACTOR_ISOLATION = MainActor;
				SWIFT_EMIT_LOC_STRINGS = YES;
				SWIFT_OPTIMIZATION_LEVEL = "-Onone";
				SWIFT_UPCOMING_FEATURE_MEMBER_IMPORT_VISIBILITY = YES;
				SWIFT_VERSION = 5.0;
				TARGETED_DEVICE_FAMILY = "1,2";
			};
			name = Debug;
		};
		6B817DC72F0D36AC00EB1030 /* Release */ = {
			isa = XCBuildConfiguration;
			buildSettings = {
				ASSETCATALOG_COMPILER_APPICON_NAME = AppIcon;
				ASSETCATALOG_COMPILER_GLOBAL_ACCENT_COLOR_NAME = AccentColor;
				CLANG_ENABLE_MODULES = YES;
				CODE_SIGN_IDENTITY = "Apple Development";
				CODE_SIGN_STYLE = Automatic;
				CURRENT_PROJECT_VERSION = 1;
				DEVELOPMENT_TEAM = Q3U88T33CV;
				ENABLE_PREVIEWS = YES;
				GENERATE_INFOPLIST_FILE = YES;
				INFOPLIST_KEY_NSCameraUsageDescription = "MoleTracker benötigt Zugriff auf die Kamera, um Fotos von Leberflecken aufzunehmen.";
				INFOPLIST_KEY_NSMotionUsageDescription = "MoleTracker nutzt Bewegungssensoren, um die Aufnahmeposition zu bestimmen.";
				INFOPLIST_KEY_NSPhotoLibraryUsageDescription = "MoleTracker benötigt Zugriff auf die Fotobibliothek, um Bilder zu speichern.";
				INFOPLIST_KEY_UIApplicationSceneManifest_Generation = YES;
				INFOPLIST_KEY_UIApplicationSupportsIndirectInputEvents = YES;
				INFOPLIST_KEY_UILaunchScreen_Generation = YES;
				INFOPLIST_KEY_UISupportedInterfaceOrientations_iPad = "UIInterfaceOrientationPortrait UIInterfaceOrientationPortraitUpsideDown UIInterfaceOrientationLandscapeLeft UIInterfaceOrientationLandscapeRight";
				INFOPLIST_KEY_UISupportedInterfaceOrientations_iPhone = "UIInterfaceOrientationPortrait UIInterfaceOrientationLandscapeLeft UIInterfaceOrientationLandscapeRight";
				IPHONEOS_DEPLOYMENT_TARGET = 17.6;
				LD_RUNPATH_SEARCH_PATHS = (
					"$(inherited)",
					"@executable_path/Frameworks",
				);
				MARKETING_VERSION = 1.0;
				PRODUCT_BUNDLE_IDENTIFIER = "net.familie-richter.MoleTracker";
				PRODUCT_NAME = "$(TARGET_NAME)";
				PROVISIONING_PROFILE_SPECIFIER = "";
				STRING_CATALOG_GENERATE_SYMBOLS = YES;
				SWIFT_APPROACHABLE_CONCURRENCY = YES;
				SWIFT_DEFAULT_ACTOR_ISOLATION = MainActor;
				SWIFT_EMIT_LOC_STRINGS = YES;
				SWIFT_UPCOMING_FEATURE_MEMBER_IMPORT_VISIBILITY = YES;
				SWIFT_VERSION = 5.0;
				TARGETED_DEVICE_FAMILY = "1,2";
			};
			name = Release;
		};
/* End XCBuildConfiguration section */

/* Begin XCConfigurationList section */
		6B817DB32F0D36AB00EB1030 /* Build configuration list for PBXProject "MoleTracker" */ = {
			isa = XCConfigurationList;
			buildConfigurations = (
				6B817DC32F0D36AC00EB1030 /* Debug */,
				6B817DC42F0D36AC00EB1030 /* Release */,
			);
			defaultConfigurationIsVisible = 0;
			defaultConfigurationName = Release;
		};
		6B817DC52F0D36AC00EB1030 /* Build configuration list for PBXNativeTarget "MoleTracker" */ = {
			isa = XCConfigurationList;
			buildConfigurations = (
				6B817DC62F0D36AC00EB1030 /* Debug */,
				6B817DC72F0D36AC00EB1030 /* Release */,
			);
			defaultConfigurationIsVisible = 0;
			defaultConfigurationName = Release;
		};
/* End XCConfigurationList section */
	};
	rootObject = 6B817DB02F0D36AB00EB1030 /* Project object */;
}
